
Microsoft Visual Studio Solution File, Format Version 12.00
# Visual Studio Version 16
VisualStudioVersion = 16.0.31613.86
MinimumVisualStudioVersion = 10.0.40219.1
Project("{FAE04EC0-301F-11D3-BF4B-00C04F79EFBC}") = "Loops Practice 2", "Loops Practice 2\Loops Practice 2.csproj", "{33B99F08-5273-49B3-9FEF-15AD078D3384}"
EndProject
Global
	GlobalSection(SolutionConfigurationPlatforms) = preSolution
		Debug|Any CPU = Debug|Any CPU
		Release|Any CPU = Release|Any CPU
	EndGlobalSection
	GlobalSection(ProjectConfigurationPlatforms) = postSolution
		{33B99F08-5273-49B3-9FEF-15AD078D3384}.Debug|Any CPU.ActiveCfg = Debug|Any CPU
		{33B99F08-5273-49B3-9FEF-15AD078D3384}.Debug|Any CPU.Build.0 = Debug|Any CPU
		{33B99F08-5273-49B3-9FEF-15AD078D3384}.Release|Any CPU.ActiveCfg = Release|Any CPU
		{33B99F08-5273-49B3-9FEF-15AD078D3384}.Release|Any CPU.Build.0 = Release|Any CPU
	EndGlobalSection
	GlobalSection(SolutionProperties) = preSolution
		HideSolutionNode = FALSE
	EndGlobalSection
	GlobalSection(ExtensibilityGlobals) = postSolution
		SolutionGuid = {6C6E1F0F-47AA-46BF-91CD-3E43176EE767}
	EndGlobalSection
EndGlobal
