
Microsoft Visual Studio Solution File, Format Version 12.00
# Visual Studio Version 16
VisualStudioVersion = 16.0.31613.86
MinimumVisualStudioVersion = 10.0.40219.1
Project("{FAE04EC0-301F-11D3-BF4B-00C04F79EFBC}") = "Algorithm party lists", "Algorithm party lists\Algorithm party lists.csproj", "{E3203C30-084F-4923-933E-F27E67013F5C}"
EndProject
Global
	GlobalSection(SolutionConfigurationPlatforms) = preSolution
		Debug|Any CPU = Debug|Any CPU
		Release|Any CPU = Release|Any CPU
	EndGlobalSection
	GlobalSection(ProjectConfigurationPlatforms) = postSolution
		{E3203C30-084F-4923-933E-F27E67013F5C}.Debug|Any CPU.ActiveCfg = Debug|Any CPU
		{E3203C30-084F-4923-933E-F27E67013F5C}.Debug|Any CPU.Build.0 = Debug|Any CPU
		{E3203C30-084F-4923-933E-F27E67013F5C}.Release|Any CPU.ActiveCfg = Release|Any CPU
		{E3203C30-084F-4923-933E-F27E67013F5C}.Release|Any CPU.Build.0 = Release|Any CPU
	EndGlobalSection
	GlobalSection(SolutionProperties) = preSolution
		HideSolutionNode = FALSE
	EndGlobalSection
	GlobalSection(ExtensibilityGlobals) = postSolution
		SolutionGuid = {70144BAF-0B92-4B06-B231-1C46C48E2AFA}
	EndGlobalSection
EndGlobal
