
Microsoft Visual Studio Solution File, Format Version 12.00
# Visual Studio Version 16
VisualStudioVersion = 16.0.31613.86
MinimumVisualStudioVersion = 10.0.40219.1
Project("{FAE04EC0-301F-11D3-BF4B-00C04F79EFBC}") = "algorithms 3", "algorithms 3\algorithms 3.csproj", "{084622EF-523D-4D0F-ABE7-10DC6B5EE1FC}"
EndProject
Global
	GlobalSection(SolutionConfigurationPlatforms) = preSolution
		Debug|Any CPU = Debug|Any CPU
		Release|Any CPU = Release|Any CPU
	EndGlobalSection
	GlobalSection(ProjectConfigurationPlatforms) = postSolution
		{084622EF-523D-4D0F-ABE7-10DC6B5EE1FC}.Debug|Any CPU.ActiveCfg = Debug|Any CPU
		{084622EF-523D-4D0F-ABE7-10DC6B5EE1FC}.Debug|Any CPU.Build.0 = Debug|Any CPU
		{084622EF-523D-4D0F-ABE7-10DC6B5EE1FC}.Release|Any CPU.ActiveCfg = Release|Any CPU
		{084622EF-523D-4D0F-ABE7-10DC6B5EE1FC}.Release|Any CPU.Build.0 = Release|Any CPU
	EndGlobalSection
	GlobalSection(SolutionProperties) = preSolution
		HideSolutionNode = FALSE
	EndGlobalSection
	GlobalSection(ExtensibilityGlobals) = postSolution
		SolutionGuid = {A3B2FA1C-B0F5-47E9-84B1-8A03500DE853}
	EndGlobalSection
EndGlobal
