
Microsoft Visual Studio Solution File, Format Version 12.00
# Visual Studio Version 16
VisualStudioVersion = 16.0.31613.86
MinimumVisualStudioVersion = 10.0.40219.1
Project("{FAE04EC0-301F-11D3-BF4B-00C04F79EFBC}") = "Regenerative Spell", "Regenerative Spell\Regenerative Spell.csproj", "{D2AB0467-905B-4C7D-908A-E71C04C684EE}"
EndProject
Global
	GlobalSection(SolutionConfigurationPlatforms) = preSolution
		Debug|Any CPU = Debug|Any CPU
		Release|Any CPU = Release|Any CPU
	EndGlobalSection
	GlobalSection(ProjectConfigurationPlatforms) = postSolution
		{D2AB0467-905B-4C7D-908A-E71C04C684EE}.Debug|Any CPU.ActiveCfg = Debug|Any CPU
		{D2AB0467-905B-4C7D-908A-E71C04C684EE}.Debug|Any CPU.Build.0 = Debug|Any CPU
		{D2AB0467-905B-4C7D-908A-E71C04C684EE}.Release|Any CPU.ActiveCfg = Release|Any CPU
		{D2AB0467-905B-4C7D-908A-E71C04C684EE}.Release|Any CPU.Build.0 = Release|Any CPU
	EndGlobalSection
	GlobalSection(SolutionProperties) = preSolution
		HideSolutionNode = FALSE
	EndGlobalSection
	GlobalSection(ExtensibilityGlobals) = postSolution
		SolutionGuid = {18180306-7067-4B5A-B4A1-8E12D3AEB01B}
	EndGlobalSection
EndGlobal
