
Microsoft Visual Studio Solution File, Format Version 12.00
# Visual Studio Version 16
VisualStudioVersion = 16.0.31613.86
MinimumVisualStudioVersion = 10.0.40219.1
Project("{FAE04EC0-301F-11D3-BF4B-00C04F79EFBC}") = "Dice roll to six", "Dice roll to six\Dice roll to six.csproj", "{1FD9D3AD-E9D2-4F01-83F0-A5435AFC986A}"
EndProject
Global
	GlobalSection(SolutionConfigurationPlatforms) = preSolution
		Debug|Any CPU = Debug|Any CPU
		Release|Any CPU = Release|Any CPU
	EndGlobalSection
	GlobalSection(ProjectConfigurationPlatforms) = postSolution
		{1FD9D3AD-E9D2-4F01-83F0-A5435AFC986A}.Debug|Any CPU.ActiveCfg = Debug|Any CPU
		{1FD9D3AD-E9D2-4F01-83F0-A5435AFC986A}.Debug|Any CPU.Build.0 = Debug|Any CPU
		{1FD9D3AD-E9D2-4F01-83F0-A5435AFC986A}.Release|Any CPU.ActiveCfg = Release|Any CPU
		{1FD9D3AD-E9D2-4F01-83F0-A5435AFC986A}.Release|Any CPU.Build.0 = Release|Any CPU
	EndGlobalSection
	GlobalSection(SolutionProperties) = preSolution
		HideSolutionNode = FALSE
	EndGlobalSection
	GlobalSection(ExtensibilityGlobals) = postSolution
		SolutionGuid = {346376EA-9025-4410-B692-0FB4C3C8AE76}
	EndGlobalSection
EndGlobal
