
Microsoft Visual Studio Solution File, Format Version 12.00
# Visual Studio Version 16
VisualStudioVersion = 16.0.31613.86
MinimumVisualStudioVersion = 10.0.40219.1
Project("{FAE04EC0-301F-11D3-BF4B-00C04F79EFBC}") = "Lists practice 2", "Lists practice 2\Lists practice 2.csproj", "{DD532F0A-FC5C-423B-B390-E8EB5E3835BB}"
EndProject
Global
	GlobalSection(SolutionConfigurationPlatforms) = preSolution
		Debug|Any CPU = Debug|Any CPU
		Release|Any CPU = Release|Any CPU
	EndGlobalSection
	GlobalSection(ProjectConfigurationPlatforms) = postSolution
		{DD532F0A-FC5C-423B-B390-E8EB5E3835BB}.Debug|Any CPU.ActiveCfg = Debug|Any CPU
		{DD532F0A-FC5C-423B-B390-E8EB5E3835BB}.Debug|Any CPU.Build.0 = Debug|Any CPU
		{DD532F0A-FC5C-423B-B390-E8EB5E3835BB}.Release|Any CPU.ActiveCfg = Release|Any CPU
		{DD532F0A-FC5C-423B-B390-E8EB5E3835BB}.Release|Any CPU.Build.0 = Release|Any CPU
	EndGlobalSection
	GlobalSection(SolutionProperties) = preSolution
		HideSolutionNode = FALSE
	EndGlobalSection
	GlobalSection(ExtensibilityGlobals) = postSolution
		SolutionGuid = {AD363179-2458-4C86-89DA-42CB1A8CF19F}
	EndGlobalSection
EndGlobal
