
Microsoft Visual Studio Solution File, Format Version 12.00
# Visual Studio Version 16
VisualStudioVersion = 16.0.31613.86
MinimumVisualStudioVersion = 10.0.40219.1
Project("{FAE04EC0-301F-11D3-BF4B-00C04F79EFBC}") = "Bowling", "Bowling\Bowling.csproj", "{BF84CB42-91E4-4DA8-B964-FBD0E022182D}"
EndProject
Global
	GlobalSection(SolutionConfigurationPlatforms) = preSolution
		Debug|Any CPU = Debug|Any CPU
		Release|Any CPU = Release|Any CPU
	EndGlobalSection
	GlobalSection(ProjectConfigurationPlatforms) = postSolution
		{BF84CB42-91E4-4DA8-B964-FBD0E022182D}.Debug|Any CPU.ActiveCfg = Debug|Any CPU
		{BF84CB42-91E4-4DA8-B964-FBD0E022182D}.Debug|Any CPU.Build.0 = Debug|Any CPU
		{BF84CB42-91E4-4DA8-B964-FBD0E022182D}.Release|Any CPU.ActiveCfg = Release|Any CPU
		{BF84CB42-91E4-4DA8-B964-FBD0E022182D}.Release|Any CPU.Build.0 = Release|Any CPU
	EndGlobalSection
	GlobalSection(SolutionProperties) = preSolution
		HideSolutionNode = FALSE
	EndGlobalSection
	GlobalSection(ExtensibilityGlobals) = postSolution
		SolutionGuid = {B226D9B4-16CF-4FAA-9C76-C23B215D6491}
	EndGlobalSection
EndGlobal
