
Microsoft Visual Studio Solution File, Format Version 12.00
# Visual Studio Version 16
VisualStudioVersion = 16.0.31613.86
MinimumVisualStudioVersion = 10.0.40219.1
Project("{FAE04EC0-301F-11D3-BF4B-00C04F79EFBC}") = "Algorithm 2, Party shuffle", "Algorithm 2, Party shuffle\Algorithm 2, Party shuffle.csproj", "{6E39732C-5CAF-45CE-865A-C6E12C70D108}"
EndProject
Global
	GlobalSection(SolutionConfigurationPlatforms) = preSolution
		Debug|Any CPU = Debug|Any CPU
		Release|Any CPU = Release|Any CPU
	EndGlobalSection
	GlobalSection(ProjectConfigurationPlatforms) = postSolution
		{6E39732C-5CAF-45CE-865A-C6E12C70D108}.Debug|Any CPU.ActiveCfg = Debug|Any CPU
		{6E39732C-5CAF-45CE-865A-C6E12C70D108}.Debug|Any CPU.Build.0 = Debug|Any CPU
		{6E39732C-5CAF-45CE-865A-C6E12C70D108}.Release|Any CPU.ActiveCfg = Release|Any CPU
		{6E39732C-5CAF-45CE-865A-C6E12C70D108}.Release|Any CPU.Build.0 = Release|Any CPU
	EndGlobalSection
	GlobalSection(SolutionProperties) = preSolution
		HideSolutionNode = FALSE
	EndGlobalSection
	GlobalSection(ExtensibilityGlobals) = postSolution
		SolutionGuid = {3039F775-99F0-44A3-B77A-D8331700C334}
	EndGlobalSection
EndGlobal
